
Microsoft Visual Studio Solution File, Format Version 12.00
# Visual Studio Version 17
VisualStudioVersion = 17.11.35312.102
MinimumVisualStudioVersion = 10.0.40219.1
Project("{2150E333-8FDC-42A3-9474-1A3956D46DE8}") = "Services", "Services", "{68B502B2-12C3-40DD-BFF0-9478DE82C164}"
EndProject
Project("{9A19103F-16F7-4668-BE54-9A1E7A4F7556}") = "ApiGateway", "Services\ApiGateway\ApiGateway.csproj", "{DA4899B9-ACA0-4B30-B4E4-804D9669CCCC}"
EndProject
Project("{9A19103F-16F7-4668-BE54-9A1E7A4F7556}") = "Common", "Services\Common\Common.csproj", "{36C146E4-C056-4749-919A-727A3D066C53}"
EndProject
Project("{2150E333-8FDC-42A3-9474-1A3956D46DE8}") = "TodoService", "TodoService", "{6B884287-4917-4319-83C3-9905D78190C4}"
EndProject
Project("{9A19103F-16F7-4668-BE54-9A1E7A4F7556}") = "TodoService.Api", "Services\TodoService\TodoService.Api\TodoService.Api.csproj", "{31CFF66F-C103-490D-AD4A-EDA5EA402F0A}"
EndProject
Project("{9A19103F-16F7-4668-BE54-9A1E7A4F7556}") = "TodoService.Application", "Services\TodoService\TodoService.Application\TodoService.Application.csproj", "{718BEB5F-2FC7-443D-9A86-AA688C688981}"
EndProject
Project("{9A19103F-16F7-4668-BE54-9A1E7A4F7556}") = "TodoService.Domain", "Services\TodoService\TodoService.Domain\TodoService.Domain.csproj", "{F80F8A3C-9BD9-4DCD-87FE-BBCFAAD9D35A}"
EndProject
Project("{9A19103F-16F7-4668-BE54-9A1E7A4F7556}") = "TodoService.Infrastructure", "Services\TodoService\TodoService.Infrastructure\TodoService.Infrastructure.csproj", "{9FDBE1FC-DB12-44FD-94E4-DB5DF123ADC9}"
EndProject
Project("{2150E333-8FDC-42A3-9474-1A3956D46DE8}") = "UserService", "UserService", "{84F738B5-594B-4CB8-BF34-F89173E1172A}"
EndProject
Project("{9A19103F-16F7-4668-BE54-9A1E7A4F7556}") = "UserService.Api", "Services\UserService\UserService.Api\UserService.Api.csproj", "{6433E751-194E-4D84-8675-76AD6611691E}"
EndProject
Project("{2150E333-8FDC-42A3-9474-1A3956D46DE8}") = "Solution Items", "Solution Items", "{1242415F-93D4-4D0D-9AD0-2A5B7B77AE20}"
	ProjectSection(SolutionItems) = preProject
		docker-compose.yml = docker-compose.yml
	EndProjectSection
EndProject
Project("{FAE04EC0-301F-11D3-BF4B-00C04F79EFBC}") = "UserService.Infrastructure", "Services\UserService\UserService.Infrastructure\UserService.Infrastructure.csproj", "{0A8AE7B4-5CC1-4F48-B004-94159DD22949}"
EndProject
Project("{FAE04EC0-301F-11D3-BF4B-00C04F79EFBC}") = "UserService.Application", "Services\UserService\UserService.Application\UserService.Application.csproj", "{D99B8A92-63F8-4D15-806E-94A6D35B9603}"
EndProject
Project("{FAE04EC0-301F-11D3-BF4B-00C04F79EFBC}") = "UserService.Domain", "Services\UserService\UserService.Domain\UserService.Domain.csproj", "{4A4B2B82-FA5D-47F9-80E4-5579C63BCAAD}"
EndProject
Global
	GlobalSection(SolutionConfigurationPlatforms) = preSolution
		Debug|Any CPU = Debug|Any CPU
		Release|Any CPU = Release|Any CPU
	EndGlobalSection
	GlobalSection(ProjectConfigurationPlatforms) = postSolution
		{DA4899B9-ACA0-4B30-B4E4-804D9669CCCC}.Debug|Any CPU.ActiveCfg = Debug|Any CPU
		{DA4899B9-ACA0-4B30-B4E4-804D9669CCCC}.Debug|Any CPU.Build.0 = Debug|Any CPU
		{DA4899B9-ACA0-4B30-B4E4-804D9669CCCC}.Release|Any CPU.ActiveCfg = Release|Any CPU
		{DA4899B9-ACA0-4B30-B4E4-804D9669CCCC}.Release|Any CPU.Build.0 = Release|Any CPU
		{36C146E4-C056-4749-919A-727A3D066C53}.Debug|Any CPU.ActiveCfg = Debug|Any CPU
		{36C146E4-C056-4749-919A-727A3D066C53}.Debug|Any CPU.Build.0 = Debug|Any CPU
		{36C146E4-C056-4749-919A-727A3D066C53}.Release|Any CPU.ActiveCfg = Release|Any CPU
		{36C146E4-C056-4749-919A-727A3D066C53}.Release|Any CPU.Build.0 = Release|Any CPU
		{31CFF66F-C103-490D-AD4A-EDA5EA402F0A}.Debug|Any CPU.ActiveCfg = Debug|Any CPU
		{31CFF66F-C103-490D-AD4A-EDA5EA402F0A}.Debug|Any CPU.Build.0 = Debug|Any CPU
		{31CFF66F-C103-490D-AD4A-EDA5EA402F0A}.Release|Any CPU.ActiveCfg = Release|Any CPU
		{31CFF66F-C103-490D-AD4A-EDA5EA402F0A}.Release|Any CPU.Build.0 = Release|Any CPU
		{718BEB5F-2FC7-443D-9A86-AA688C688981}.Debug|Any CPU.ActiveCfg = Debug|Any CPU
		{718BEB5F-2FC7-443D-9A86-AA688C688981}.Debug|Any CPU.Build.0 = Debug|Any CPU
		{718BEB5F-2FC7-443D-9A86-AA688C688981}.Release|Any CPU.ActiveCfg = Release|Any CPU
		{718BEB5F-2FC7-443D-9A86-AA688C688981}.Release|Any CPU.Build.0 = Release|Any CPU
		{F80F8A3C-9BD9-4DCD-87FE-BBCFAAD9D35A}.Debug|Any CPU.ActiveCfg = Debug|Any CPU
		{F80F8A3C-9BD9-4DCD-87FE-BBCFAAD9D35A}.Debug|Any CPU.Build.0 = Debug|Any CPU
		{F80F8A3C-9BD9-4DCD-87FE-BBCFAAD9D35A}.Release|Any CPU.ActiveCfg = Release|Any CPU
		{F80F8A3C-9BD9-4DCD-87FE-BBCFAAD9D35A}.Release|Any CPU.Build.0 = Release|Any CPU
		{9FDBE1FC-DB12-44FD-94E4-DB5DF123ADC9}.Debug|Any CPU.ActiveCfg = Debug|Any CPU
		{9FDBE1FC-DB12-44FD-94E4-DB5DF123ADC9}.Debug|Any CPU.Build.0 = Debug|Any CPU
		{9FDBE1FC-DB12-44FD-94E4-DB5DF123ADC9}.Release|Any CPU.ActiveCfg = Release|Any CPU
		{9FDBE1FC-DB12-44FD-94E4-DB5DF123ADC9}.Release|Any CPU.Build.0 = Release|Any CPU
		{6433E751-194E-4D84-8675-76AD6611691E}.Debug|Any CPU.ActiveCfg = Debug|Any CPU
		{6433E751-194E-4D84-8675-76AD6611691E}.Debug|Any CPU.Build.0 = Debug|Any CPU
		{6433E751-194E-4D84-8675-76AD6611691E}.Release|Any CPU.ActiveCfg = Release|Any CPU
		{6433E751-194E-4D84-8675-76AD6611691E}.Release|Any CPU.Build.0 = Release|Any CPU
		{0A8AE7B4-5CC1-4F48-B004-94159DD22949}.Debug|Any CPU.ActiveCfg = Debug|Any CPU
		{0A8AE7B4-5CC1-4F48-B004-94159DD22949}.Debug|Any CPU.Build.0 = Debug|Any CPU
		{0A8AE7B4-5CC1-4F48-B004-94159DD22949}.Release|Any CPU.ActiveCfg = Release|Any CPU
		{0A8AE7B4-5CC1-4F48-B004-94159DD22949}.Release|Any CPU.Build.0 = Release|Any CPU
		{D99B8A92-63F8-4D15-806E-94A6D35B9603}.Debug|Any CPU.ActiveCfg = Debug|Any CPU
		{D99B8A92-63F8-4D15-806E-94A6D35B9603}.Debug|Any CPU.Build.0 = Debug|Any CPU
		{D99B8A92-63F8-4D15-806E-94A6D35B9603}.Release|Any CPU.ActiveCfg = Release|Any CPU
		{D99B8A92-63F8-4D15-806E-94A6D35B9603}.Release|Any CPU.Build.0 = Release|Any CPU
		{4A4B2B82-FA5D-47F9-80E4-5579C63BCAAD}.Debug|Any CPU.ActiveCfg = Debug|Any CPU
		{4A4B2B82-FA5D-47F9-80E4-5579C63BCAAD}.Debug|Any CPU.Build.0 = Debug|Any CPU
		{4A4B2B82-FA5D-47F9-80E4-5579C63BCAAD}.Release|Any CPU.ActiveCfg = Release|Any CPU
		{4A4B2B82-FA5D-47F9-80E4-5579C63BCAAD}.Release|Any CPU.Build.0 = Release|Any CPU
	EndGlobalSection
	GlobalSection(SolutionProperties) = preSolution
		HideSolutionNode = FALSE
	EndGlobalSection
	GlobalSection(NestedProjects) = preSolution
		{DA4899B9-ACA0-4B30-B4E4-804D9669CCCC} = {68B502B2-12C3-40DD-BFF0-9478DE82C164}
		{36C146E4-C056-4749-919A-727A3D066C53} = {68B502B2-12C3-40DD-BFF0-9478DE82C164}
		{6B884287-4917-4319-83C3-9905D78190C4} = {68B502B2-12C3-40DD-BFF0-9478DE82C164}
		{31CFF66F-C103-490D-AD4A-EDA5EA402F0A} = {6B884287-4917-4319-83C3-9905D78190C4}
		{718BEB5F-2FC7-443D-9A86-AA688C688981} = {6B884287-4917-4319-83C3-9905D78190C4}
		{F80F8A3C-9BD9-4DCD-87FE-BBCFAAD9D35A} = {6B884287-4917-4319-83C3-9905D78190C4}
		{9FDBE1FC-DB12-44FD-94E4-DB5DF123ADC9} = {6B884287-4917-4319-83C3-9905D78190C4}
		{84F738B5-594B-4CB8-BF34-F89173E1172A} = {68B502B2-12C3-40DD-BFF0-9478DE82C164}
		{6433E751-194E-4D84-8675-76AD6611691E} = {84F738B5-594B-4CB8-BF34-F89173E1172A}
		{0A8AE7B4-5CC1-4F48-B004-94159DD22949} = {84F738B5-594B-4CB8-BF34-F89173E1172A}
		{D99B8A92-63F8-4D15-806E-94A6D35B9603} = {84F738B5-594B-4CB8-BF34-F89173E1172A}
		{4A4B2B82-FA5D-47F9-80E4-5579C63BCAAD} = {84F738B5-594B-4CB8-BF34-F89173E1172A}
	EndGlobalSection
	GlobalSection(ExtensibilityGlobals) = postSolution
		SolutionGuid = {58BAB278-2F79-4B02-8269-893CF4B68183}
	EndGlobalSection
EndGlobal
